{
    "_meta": {
        "hash": {
            "sha256": "39cb2a7445af3caf0ccec60dfb8f1b3547d407298cab3e4594c65e40cf9e9ed2"
        },
        "pipfile-spec": 6,
        "requires": {
            "python_version": "3.13"
        },
        "sources": [
            {
                "name": "pypi",
                "url": "https://pypi.org/simple",
                "verify_ssl": true
            }
        ]
    },
    "default": {
        "apscheduler": {
            "hashes": [
                "sha256:0db77af6400c84d1747fe98a04b8b58f0080c77d11d338c4f507a9752880f221",
                "sha256:6162cb5683cb09923654fa9bdd3130c4be4bfda6ad8990971c9597ecd52965d2"
            ],
            "index": "pypi",
            "markers": "python_version >= '3.8'",
            "version": "==3.11.1"
        },
        "tzlocal": {
            "hashes": [
                "sha256:cceffc7edecefea1f595541dbd6e990cb1ea3d19bf01b2809f362a03dd7921fd",
                "sha256:eb1a66c3ef5847adf7a834f1be0800581b683b5608e74f86ecbcef8ab91bb85d"
            ],
            "markers": "python_version >= '3.9'",
            "version": "==5.3.1"
        }
    },
    "develop": {}
}
